
Microsoft Visual Studio Solution File, Format Version 12.00
# Visual Studio Version 16
VisualStudioVersion = 16.0.31702.278
MinimumVisualStudioVersion = 10.0.40219.1
Project("{FAE04EC0-301F-11D3-BF4B-00C04F79EFBC}") = "libe", "libe\libe.csproj", "{D065514B-CBE0-424C-891C-28DB23AF9E77}"
EndProject
Global
	GlobalSection(SolutionConfigurationPlatforms) = preSolution
		Debug|Any CPU = Debug|Any CPU
		Release|Any CPU = Release|Any CPU
	EndGlobalSection
	GlobalSection(ProjectConfigurationPlatforms) = postSolution
		{D065514B-CBE0-424C-891C-28DB23AF9E77}.Debug|Any CPU.ActiveCfg = Debug|Any CPU
		{D065514B-CBE0-424C-891C-28DB23AF9E77}.Debug|Any CPU.Build.0 = Debug|Any CPU
		{D065514B-CBE0-424C-891C-28DB23AF9E77}.Release|Any CPU.ActiveCfg = Release|Any CPU
		{D065514B-CBE0-424C-891C-28DB23AF9E77}.Release|Any CPU.Build.0 = Release|Any CPU
	EndGlobalSection
	GlobalSection(SolutionProperties) = preSolution
		HideSolutionNode = FALSE
	EndGlobalSection
	GlobalSection(ExtensibilityGlobals) = postSolution
		SolutionGuid = {DF909CB7-017E-4481-B25D-4A688A3FED21}
	EndGlobalSection
EndGlobal
